
Microsoft Visual Studio Solution File, Format Version 12.00
# Visual Studio Version 17
VisualStudioVersion = 17.7.34221.43
MinimumVisualStudioVersion = 10.0.40219.1
Project("{9A19103F-16F7-4668-BE54-9A1E7A4F7556}") = "eAgendaMedica.Dominio", "eAgendaMedica.Dominio\eAgendaMedica.Dominio.csproj", "{6A0B5DDF-1F48-4003-9BF2-BBAE420F99CB}"
EndProject
Project("{2150E333-8FDC-42A3-9474-1A3956D46DE8}") = "2 - Distribuição", "2 - Distribuição", "{087CE3C3-6163-4DE6-B985-6A780D938664}"
EndProject
Project("{2150E333-8FDC-42A3-9474-1A3956D46DE8}") = "3 - Aplicação", "3 - Aplicação", "{947B654A-5ECA-4AFF-B628-481CD710F446}"
EndProject
Project("{2150E333-8FDC-42A3-9474-1A3956D46DE8}") = "4 - Domínio", "4 - Domínio", "{DC9BD05A-54C1-4115-90EA-6931ED51CE28}"
EndProject
Project("{2150E333-8FDC-42A3-9474-1A3956D46DE8}") = "5 - Infraestrutura", "5 - Infraestrutura", "{BA9B716D-B5A3-428B-8868-9D648B16F339}"
EndProject
Project("{2150E333-8FDC-42A3-9474-1A3956D46DE8}") = "6 - Testes", "6 - Testes", "{B2864BB2-27B4-4FA0-94CD-644EB2494990}"
EndProject
Project("{2150E333-8FDC-42A3-9474-1A3956D46DE8}") = "1 - Apresentação", "1 - Apresentação", "{5480A0F9-57B7-40EB-ACE0-C14F286E3851}"
EndProject
Project("{9A19103F-16F7-4668-BE54-9A1E7A4F7556}") = "eAgendaMedica.ConsoleApp", "eAgendaMedica.ConsoleApp\eAgendaMedica.ConsoleApp.csproj", "{47644209-BEC0-426B-BABF-A9BA8A7A7DFD}"
EndProject
Project("{2150E333-8FDC-42A3-9474-1A3956D46DE8}") = "Banco De Dados", "Banco De Dados", "{6AA09E77-D9C9-43FC-BAEF-E2A8B0C910FF}"
EndProject
Project("{2150E333-8FDC-42A3-9474-1A3956D46DE8}") = "Orm", "Orm", "{9E20F4D5-EC6B-47B0-8DEB-4647D96235ED}"
EndProject
Project("{9A19103F-16F7-4668-BE54-9A1E7A4F7556}") = "eAgendaMedica.Infra.Orm", "eAgendaMedica.Infra.Orm\eAgendaMedica.Infra.Orm.csproj", "{4D250F04-3C3B-45E2-B939-D162D866CA19}"
EndProject
Project("{2150E333-8FDC-42A3-9474-1A3956D46DE8}") = "6.1 - Testes Unitários", "6.1 - Testes Unitários", "{68F81F44-9DB1-429F-8298-0CDF2A7E9AE1}"
EndProject
Project("{2150E333-8FDC-42A3-9474-1A3956D46DE8}") = "6.2 - Testes De Integração", "6.2 - Testes De Integração", "{0A087E30-C5F1-4D6C-83E5-44E691965F29}"
EndProject
Project("{2150E333-8FDC-42A3-9474-1A3956D46DE8}") = "6.3 - Testes E2E", "6.3 - Testes E2E", "{AE6369BC-91DA-415F-81AF-1F611C980F78}"
EndProject
Project("{9A19103F-16F7-4668-BE54-9A1E7A4F7556}") = "eAgendaMedica.Aplicacao", "eAgendaMedica.Aplicacao\eAgendaMedica.Aplicacao.csproj", "{6699E9A0-3F8E-433C-A441-081C766CEA81}"
	ProjectSection(ProjectDependencies) = postProject
		{6A0B5DDF-1F48-4003-9BF2-BBAE420F99CB} = {6A0B5DDF-1F48-4003-9BF2-BBAE420F99CB}
	EndProjectSection
EndProject
Project("{9A19103F-16F7-4668-BE54-9A1E7A4F7556}") = "eAgendaMedica.TestProject", "eAgendaMedica.TestProject\eAgendaMedica.TestProject.csproj", "{CECE1B0A-659B-4F98-AE55-56048E44FFA5}"
EndProject
Project("{FAE04EC0-301F-11D3-BF4B-00C04F79EFBC}") = "eAgendaMedica.WebApi", "eAgendaMedica.WebApi\eAgendaMedica.WebApi.csproj", "{322EBF2E-85AA-4122-86EE-6E6813007E6F}"
EndProject
Global
	GlobalSection(SolutionConfigurationPlatforms) = preSolution
		Debug|Any CPU = Debug|Any CPU
		Release|Any CPU = Release|Any CPU
	EndGlobalSection
	GlobalSection(ProjectConfigurationPlatforms) = postSolution
		{6A0B5DDF-1F48-4003-9BF2-BBAE420F99CB}.Debug|Any CPU.ActiveCfg = Debug|Any CPU
		{6A0B5DDF-1F48-4003-9BF2-BBAE420F99CB}.Debug|Any CPU.Build.0 = Debug|Any CPU
		{6A0B5DDF-1F48-4003-9BF2-BBAE420F99CB}.Release|Any CPU.ActiveCfg = Release|Any CPU
		{6A0B5DDF-1F48-4003-9BF2-BBAE420F99CB}.Release|Any CPU.Build.0 = Release|Any CPU
		{47644209-BEC0-426B-BABF-A9BA8A7A7DFD}.Debug|Any CPU.ActiveCfg = Debug|Any CPU
		{47644209-BEC0-426B-BABF-A9BA8A7A7DFD}.Debug|Any CPU.Build.0 = Debug|Any CPU
		{47644209-BEC0-426B-BABF-A9BA8A7A7DFD}.Release|Any CPU.ActiveCfg = Release|Any CPU
		{47644209-BEC0-426B-BABF-A9BA8A7A7DFD}.Release|Any CPU.Build.0 = Release|Any CPU
		{4D250F04-3C3B-45E2-B939-D162D866CA19}.Debug|Any CPU.ActiveCfg = Debug|Any CPU
		{4D250F04-3C3B-45E2-B939-D162D866CA19}.Debug|Any CPU.Build.0 = Debug|Any CPU
		{4D250F04-3C3B-45E2-B939-D162D866CA19}.Release|Any CPU.ActiveCfg = Release|Any CPU
		{4D250F04-3C3B-45E2-B939-D162D866CA19}.Release|Any CPU.Build.0 = Release|Any CPU
		{6699E9A0-3F8E-433C-A441-081C766CEA81}.Debug|Any CPU.ActiveCfg = Debug|Any CPU
		{6699E9A0-3F8E-433C-A441-081C766CEA81}.Debug|Any CPU.Build.0 = Debug|Any CPU
		{6699E9A0-3F8E-433C-A441-081C766CEA81}.Release|Any CPU.ActiveCfg = Release|Any CPU
		{6699E9A0-3F8E-433C-A441-081C766CEA81}.Release|Any CPU.Build.0 = Release|Any CPU
		{CECE1B0A-659B-4F98-AE55-56048E44FFA5}.Debug|Any CPU.ActiveCfg = Debug|Any CPU
		{CECE1B0A-659B-4F98-AE55-56048E44FFA5}.Debug|Any CPU.Build.0 = Debug|Any CPU
		{CECE1B0A-659B-4F98-AE55-56048E44FFA5}.Release|Any CPU.ActiveCfg = Release|Any CPU
		{CECE1B0A-659B-4F98-AE55-56048E44FFA5}.Release|Any CPU.Build.0 = Release|Any CPU
		{322EBF2E-85AA-4122-86EE-6E6813007E6F}.Debug|Any CPU.ActiveCfg = Debug|Any CPU
		{322EBF2E-85AA-4122-86EE-6E6813007E6F}.Debug|Any CPU.Build.0 = Debug|Any CPU
		{322EBF2E-85AA-4122-86EE-6E6813007E6F}.Release|Any CPU.ActiveCfg = Release|Any CPU
		{322EBF2E-85AA-4122-86EE-6E6813007E6F}.Release|Any CPU.Build.0 = Release|Any CPU
	EndGlobalSection
	GlobalSection(SolutionProperties) = preSolution
		HideSolutionNode = FALSE
	EndGlobalSection
	GlobalSection(NestedProjects) = preSolution
		{6A0B5DDF-1F48-4003-9BF2-BBAE420F99CB} = {DC9BD05A-54C1-4115-90EA-6931ED51CE28}
		{47644209-BEC0-426B-BABF-A9BA8A7A7DFD} = {5480A0F9-57B7-40EB-ACE0-C14F286E3851}
		{6AA09E77-D9C9-43FC-BAEF-E2A8B0C910FF} = {BA9B716D-B5A3-428B-8868-9D648B16F339}
		{9E20F4D5-EC6B-47B0-8DEB-4647D96235ED} = {6AA09E77-D9C9-43FC-BAEF-E2A8B0C910FF}
		{4D250F04-3C3B-45E2-B939-D162D866CA19} = {9E20F4D5-EC6B-47B0-8DEB-4647D96235ED}
		{68F81F44-9DB1-429F-8298-0CDF2A7E9AE1} = {B2864BB2-27B4-4FA0-94CD-644EB2494990}
		{0A087E30-C5F1-4D6C-83E5-44E691965F29} = {B2864BB2-27B4-4FA0-94CD-644EB2494990}
		{AE6369BC-91DA-415F-81AF-1F611C980F78} = {B2864BB2-27B4-4FA0-94CD-644EB2494990}
		{6699E9A0-3F8E-433C-A441-081C766CEA81} = {947B654A-5ECA-4AFF-B628-481CD710F446}
		{CECE1B0A-659B-4F98-AE55-56048E44FFA5} = {68F81F44-9DB1-429F-8298-0CDF2A7E9AE1}
		{322EBF2E-85AA-4122-86EE-6E6813007E6F} = {087CE3C3-6163-4DE6-B985-6A780D938664}
	EndGlobalSection
	GlobalSection(ExtensibilityGlobals) = postSolution
		SolutionGuid = {6A5889A3-86F7-4C7D-9BE2-7F68E131B3FB}
	EndGlobalSection
EndGlobal
